
Microsoft Visual Studio Solution File, Format Version 12.00
# Visual Studio Version 17
VisualStudioVersion = 17.1.32319.34
MinimumVisualStudioVersion = 10.0.40219.1
Project("{FAE04EC0-301F-11D3-BF4B-00C04F79EFBC}") = "WpfApp1", "WpfApp1\WpfApp1.csproj", "{1A2AC5E9-3603-437D-B7FE-191D231D02FD}"
EndProject
Global
	GlobalSection(SolutionConfigurationPlatforms) = preSolution
		Debug|Any CPU = Debug|Any CPU
		Release|Any CPU = Release|Any CPU
	EndGlobalSection
	GlobalSection(ProjectConfigurationPlatforms) = postSolution
		{1A2AC5E9-3603-437D-B7FE-191D231D02FD}.Debug|Any CPU.ActiveCfg = Debug|Any CPU
		{1A2AC5E9-3603-437D-B7FE-191D231D02FD}.Debug|Any CPU.Build.0 = Debug|Any CPU
		{1A2AC5E9-3603-437D-B7FE-191D231D02FD}.Release|Any CPU.ActiveCfg = Release|Any CPU
		{1A2AC5E9-3603-437D-B7FE-191D231D02FD}.Release|Any CPU.Build.0 = Release|Any CPU
	EndGlobalSection
	GlobalSection(SolutionProperties) = preSolution
		HideSolutionNode = FALSE
	EndGlobalSection
	GlobalSection(ExtensibilityGlobals) = postSolution
		SolutionGuid = {4AEFE0E4-538D-4AD7-BD29-F9AA09026FC9}
	EndGlobalSection
EndGlobal
